{
  "name": "minipro",
  "lockfileVersion": 2,
  "requires": true,
  "packages": {
    "": {
      "dependencies": {
        "@vant/weapp": "^1.10.3",
        "me-waterfall": "^1.1.0"
      }
    },
    "node_modules/@vant/weapp": {
      "version": "1.10.3",
      "resolved": "https://registry.npmmirror.com/@vant/weapp/-/weapp-1.10.3.tgz",
      "integrity": "sha512-CcG5umI+zlJRN6hQXPeknOenPkVm6WBEgBaB6Y94kOmKLx9NHtHBdURwxuJEA4q4mxhUdOuf6sV7I8tZBnCVxw=="
    },
    "node_modules/me-waterfall": {
      "version": "1.1.0",
      "resolved": "https://registry.npmmirror.com/me-waterfall/-/me-waterfall-1.1.0.tgz",
      "integrity": "sha512-eTdfAG2k+q2c6NdBqxrXPN8SAeM4IQBrP2wuvz50ChFd1dyC48FKvpaJhsOAqge9faoSRxV6SnT/0otBVBYCzA=="
    }
  },
  "dependencies": {
    "@vant/weapp": {
      "version": "1.10.3",
      "resolved": "https://registry.npmmirror.com/@vant/weapp/-/weapp-1.10.3.tgz",
      "integrity": "sha512-CcG5umI+zlJRN6hQXPeknOenPkVm6WBEgBaB6Y94kOmKLx9NHtHBdURwxuJEA4q4mxhUdOuf6sV7I8tZBnCVxw=="
    },
    "me-waterfall": {
      "version": "1.1.0",
      "resolved": "https://registry.npmmirror.com/me-waterfall/-/me-waterfall-1.1.0.tgz",
      "integrity": "sha512-eTdfAG2k+q2c6NdBqxrXPN8SAeM4IQBrP2wuvz50ChFd1dyC48FKvpaJhsOAqge9faoSRxV6SnT/0otBVBYCzA=="
    }
  }
}
